// !$*UTF8*$!
{
 archiveVersion = 1;
 classes = {};
 objectVersion = 77;
 objects = {
 A00000000000000000000001 = {isa = PBXProject; attributes = {BuildIndependentTargetsInParallel = YES; LastSwiftUpdateCheck = 2630; LastUpgradeCheck = 2630;}; buildConfigurationList = A00000000000000000000002; compatibilityVersion = "Xcode 16.0"; developmentRegion = "zh-Hans"; knownRegions = ("zh-Hans", en, Base); mainGroup = A00000000000000000000003; productRefGroup = A00000000000000000000004; projectDirPath = ""; projectRoot = ""; targets = (A00000000000000000000005, A00000000000000000000020, B00000000000000000000001); packageReferences = (A00000000000000000000015); };
 A00000000000000000000002 = {isa = XCConfigurationList; buildConfigurations = (A00000000000000000000006, A00000000000000000000007); defaultConfigurationIsVisible = 0; defaultConfigurationName = Release;};
 A00000000000000000000003 = {isa = PBXGroup; children = (B00000000000000000000002, A00000000000000000000008, A00000000000000000000021, A00000000000000000000004); sourceTree = "<group>";};
 A00000000000000000000004 = {isa = PBXGroup; children = (B00000000000000000000003, A00000000000000000000009, A00000000000000000000022); name = Products; sourceTree = "<group>";};
 A00000000000000000000005 = {isa = PBXNativeTarget; buildConfigurationList = A00000000000000000000010; buildPhases = (A00000000000000000000011, A00000000000000000000012, A00000000000000000000013, B00000000000000000000010); buildRules = (); dependencies = (B00000000000000000000012); fileSystemSynchronizedGroups = (A00000000000000000000008); name = PathBridge; packageProductDependencies = (A00000000000000000000016); productName = PathBridge; productReference = A00000000000000000000009; productType = "com.apple.product-type.application";};
 A00000000000000000000006 = {isa = XCBuildConfiguration; buildSettings = {CLANG_ENABLE_MODULES = YES; MACOSX_DEPLOYMENT_TARGET = 15.7; SDKROOT = macosx; SWIFT_VERSION = 6.0; SWIFT_STRICT_CONCURRENCY = complete; DEBUG_INFORMATION_FORMAT = dwarf; SWIFT_OPTIMIZATION_LEVEL = "-Onone"; SWIFT_ACTIVE_COMPILATION_CONDITIONS = DEBUG; ONLY_ACTIVE_ARCH = YES; ENABLE_TESTABILITY = YES;}; name = Debug;};
 A00000000000000000000007 = {isa = XCBuildConfiguration; buildSettings = {CLANG_ENABLE_MODULES = YES; MACOSX_DEPLOYMENT_TARGET = 15.7; SDKROOT = macosx; SWIFT_VERSION = 6.0; SWIFT_STRICT_CONCURRENCY = complete; DEBUG_INFORMATION_FORMAT = "dwarf-with-dsym"; SWIFT_COMPILATION_MODE = wholemodule; SWIFT_OPTIMIZATION_LEVEL = "-O";}; name = Release;};
 A00000000000000000000008 = {isa = PBXFileSystemSynchronizedRootGroup; path = App; sourceTree = "<group>";};
 A00000000000000000000009 = {isa = PBXFileReference; explicitFileType = wrapper.application; includeInIndex = 0; path = PathBridge.app; sourceTree = BUILT_PRODUCTS_DIR;};
 A00000000000000000000010 = {isa = XCConfigurationList; buildConfigurations = (A00000000000000000000017, A00000000000000000000018); defaultConfigurationIsVisible = 0; defaultConfigurationName = Release;};
 A00000000000000000000011 = {isa = PBXSourcesBuildPhase; buildActionMask = 2147483647; files = (); runOnlyForDeploymentPostprocessing = 0;};
 A00000000000000000000012 = {isa = PBXFrameworksBuildPhase; buildActionMask = 2147483647; files = (A00000000000000000000019); runOnlyForDeploymentPostprocessing = 0;};
 A00000000000000000000013 = {isa = PBXResourcesBuildPhase; buildActionMask = 2147483647; files = (); runOnlyForDeploymentPostprocessing = 0;};
 A00000000000000000000015 = {isa = XCLocalSwiftPackageReference; relativePath = .;};
 A00000000000000000000016 = {isa = XCSwiftPackageProductDependency; package = A00000000000000000000015; productName = PathBridgeCore;};
 A00000000000000000000017 = {isa = XCBuildConfiguration; buildSettings = {CODE_SIGN_STYLE = Manual; CODE_SIGN_IDENTITY = "Developer ID Application"; DEVELOPMENT_TEAM = 852H844JG2; ENABLE_HARDENED_RUNTIME = YES; ENABLE_APP_SANDBOX = NO; GENERATE_INFOPLIST_FILE = NO; INFOPLIST_FILE = Resources/Info.plist; ASSETCATALOG_COMPILER_APPICON_NAME = AppIcon; PRODUCT_BUNDLE_IDENTIFIER = com.yuna.PathBridge; PRODUCT_NAME = "$(TARGET_NAME)"; LD_RUNPATH_SEARCH_PATHS = "$(inherited) @executable_path/../Frameworks";}; name = Debug;};
 A00000000000000000000018 = {isa = XCBuildConfiguration; buildSettings = {CODE_SIGN_STYLE = Manual; CODE_SIGN_IDENTITY = "Developer ID Application"; DEVELOPMENT_TEAM = 852H844JG2; ENABLE_HARDENED_RUNTIME = YES; ENABLE_APP_SANDBOX = NO; GENERATE_INFOPLIST_FILE = NO; INFOPLIST_FILE = Resources/Info.plist; ASSETCATALOG_COMPILER_APPICON_NAME = AppIcon; PRODUCT_BUNDLE_IDENTIFIER = com.yuna.PathBridge; PRODUCT_NAME = "$(TARGET_NAME)"; LD_RUNPATH_SEARCH_PATHS = "$(inherited) @executable_path/../Frameworks";}; name = Release;};
 A00000000000000000000019 = {isa = PBXBuildFile; productRef = A00000000000000000000016;};
 A00000000000000000000020 = {isa = PBXNativeTarget; buildConfigurationList = A00000000000000000000023; buildPhases = (A00000000000000000000024, A00000000000000000000025); buildRules = (); dependencies = (); fileSystemSynchronizedGroups = (A00000000000000000000021); name = PathBridgeCoreTests; packageProductDependencies = (A00000000000000000000026); productName = PathBridgeCoreTests; productReference = A00000000000000000000022; productType = "com.apple.product-type.bundle.unit-test";};
 A00000000000000000000021 = {isa = PBXFileSystemSynchronizedRootGroup; path = Tests/PathBridgeCoreTests; sourceTree = "<group>";};
 A00000000000000000000022 = {isa = PBXFileReference; explicitFileType = wrapper.cfbundle; includeInIndex = 0; path = PathBridgeCoreTests.xctest; sourceTree = BUILT_PRODUCTS_DIR;};
 A00000000000000000000023 = {isa = XCConfigurationList; buildConfigurations = (A00000000000000000000028, A00000000000000000000029); defaultConfigurationIsVisible = 0; defaultConfigurationName = Release;};
 A00000000000000000000024 = {isa = PBXSourcesBuildPhase; buildActionMask = 2147483647; files = (); runOnlyForDeploymentPostprocessing = 0;};
 A00000000000000000000025 = {isa = PBXFrameworksBuildPhase; buildActionMask = 2147483647; files = (A00000000000000000000027); runOnlyForDeploymentPostprocessing = 0;};
 A00000000000000000000026 = {isa = XCSwiftPackageProductDependency; package = A00000000000000000000015; productName = PathBridgeCore;};
 A00000000000000000000027 = {isa = PBXBuildFile; productRef = A00000000000000000000026;};
 A00000000000000000000028 = {isa = XCBuildConfiguration; buildSettings = {CODE_SIGN_STYLE = Manual; CODE_SIGN_IDENTITY = "-"; GENERATE_INFOPLIST_FILE = YES; PRODUCT_BUNDLE_IDENTIFIER = com.yuna.PathBridge.CoreTests; PRODUCT_NAME = "$(TARGET_NAME)";}; name = Debug;};
 A00000000000000000000029 = {isa = XCBuildConfiguration; buildSettings = {CODE_SIGN_STYLE = Manual; CODE_SIGN_IDENTITY = "-"; GENERATE_INFOPLIST_FILE = YES; PRODUCT_BUNDLE_IDENTIFIER = com.yuna.PathBridge.CoreTests; PRODUCT_NAME = "$(TARGET_NAME)";}; name = Release;};

 B00000000000000000000001 = {isa = PBXNativeTarget; buildConfigurationList = B00000000000000000000004; buildPhases = (B00000000000000000000005, B00000000000000000000006); buildRules = (); dependencies = (); fileSystemSynchronizedGroups = (B00000000000000000000002); name = PathBridgeFinder; packageProductDependencies = (B00000000000000000000007); productName = PathBridgeFinder; productReference = B00000000000000000000003; productType = "com.apple.product-type.app-extension";};
 B00000000000000000000002 = {isa = PBXFileSystemSynchronizedRootGroup; path = FinderExtension/Sources; sourceTree = "<group>";};
 B00000000000000000000003 = {isa = PBXFileReference; explicitFileType = "wrapper.app-extension"; includeInIndex = 0; path = PathBridgeFinder.appex; sourceTree = BUILT_PRODUCTS_DIR;};
 B00000000000000000000004 = {isa = XCConfigurationList; buildConfigurations = (B00000000000000000000008, B00000000000000000000009); defaultConfigurationIsVisible = 0; defaultConfigurationName = Release;};
 B00000000000000000000005 = {isa = PBXSourcesBuildPhase; buildActionMask = 2147483647; files = (); runOnlyForDeploymentPostprocessing = 0;};
 B00000000000000000000006 = {isa = PBXFrameworksBuildPhase; buildActionMask = 2147483647; files = (B00000000000000000000014); runOnlyForDeploymentPostprocessing = 0;};
 B00000000000000000000007 = {isa = XCSwiftPackageProductDependency; package = A00000000000000000000015; productName = PathBridgeCore;};
 B00000000000000000000010 = {isa = PBXCopyFilesBuildPhase; buildActionMask = 2147483647; dstPath = ""; dstSubfolderSpec = 13; files = (B00000000000000000000011); name = "Embed App Extensions"; runOnlyForDeploymentPostprocessing = 0;};
 B00000000000000000000011 = {isa = PBXBuildFile; fileRef = B00000000000000000000003; settings = {ATTRIBUTES = (RemoveHeadersOnCopy);};};
 B00000000000000000000012 = {isa = PBXTargetDependency; target = B00000000000000000000001; targetProxy = B00000000000000000000013;};
 B00000000000000000000013 = {isa = PBXContainerItemProxy; containerPortal = A00000000000000000000001; proxyType = 1; remoteGlobalIDString = B00000000000000000000001; remoteInfo = PathBridgeFinder;};
 B00000000000000000000014 = {isa = PBXBuildFile; productRef = B00000000000000000000007;};
 B00000000000000000000008 = {isa = XCBuildConfiguration; buildSettings = {CODE_SIGN_STYLE = Manual; CODE_SIGN_IDENTITY = "Developer ID Application"; DEVELOPMENT_TEAM = 852H844JG2; ENABLE_HARDENED_RUNTIME = YES; ENABLE_APP_SANDBOX = YES; CODE_SIGN_ENTITLEMENTS = FinderExtension/FinderExtension.entitlements; APPLICATION_EXTENSION_API_ONLY = YES; SKIP_INSTALL = YES; GENERATE_INFOPLIST_FILE = NO; INFOPLIST_FILE = FinderExtension/Info.plist; PRODUCT_BUNDLE_IDENTIFIER = com.yuna.PathBridge.FinderExtension; PRODUCT_NAME = "$(TARGET_NAME)"; LD_RUNPATH_SEARCH_PATHS = "$(inherited) @executable_path/../Frameworks @executable_path/../../../../Frameworks"; }; name = Debug;};
 B00000000000000000000009 = {isa = XCBuildConfiguration; buildSettings = {CODE_SIGN_STYLE = Manual; CODE_SIGN_IDENTITY = "Developer ID Application"; DEVELOPMENT_TEAM = 852H844JG2; ENABLE_HARDENED_RUNTIME = YES; ENABLE_APP_SANDBOX = YES; CODE_SIGN_ENTITLEMENTS = FinderExtension/FinderExtension.entitlements; APPLICATION_EXTENSION_API_ONLY = YES; SKIP_INSTALL = YES; GENERATE_INFOPLIST_FILE = NO; INFOPLIST_FILE = FinderExtension/Info.plist; PRODUCT_BUNDLE_IDENTIFIER = com.yuna.PathBridge.FinderExtension; PRODUCT_NAME = "$(TARGET_NAME)"; LD_RUNPATH_SEARCH_PATHS = "$(inherited) @executable_path/../Frameworks @executable_path/../../../../Frameworks"; }; name = Release;};
 };
 rootObject = A00000000000000000000001;
}
